Microsoft Visual Studio Solution File, Format Version 12.00
# Visual Studio Version 18
VisualStudioVersion = 18.0.11012.119
MinimumVisualStudioVersion = 10.0.40219.1
Project("{2150E333-8FDC-42A3-9474-1A3956D46DE8}") = "Solution Items", "Solution Items", "{677AD036-CCEB-4B5B-BA44-D267B9DE25BD}"
	ProjectSection(SolutionItems) = preProject
		.gitignore = .gitignore
		assets\banner.png = assets\banner.png
		.github\workflows\dotnet.yml = .github\workflows\dotnet.yml
		assets\icon.png = assets\icon.png
		LICENSE = LICENSE
		NOTICE = NOTICE
		README.md = README.md
	EndProjectSection
EndProject
Project("{FAE04EC0-301F-11D3-BF4B-00C04F79EFBC}") = "ChromaFx.Tests", "tests\ChromaFx.Tests\ChromaFx.Tests.csproj", "{B0879E92-1BA2-F553-556D-869E31ED4053}"
EndProject
Project("{FAE04EC0-301F-11D3-BF4B-00C04F79EFBC}") = "ChromaFx.Benchmarks", "tests\ChromaFx.Benchmarks\ChromaFx.Benchmarks.csproj", "{845E96E9-5DA0-350E-2E27-B82EE08B7591}"
EndProject
Project("{2150E333-8FDC-42A3-9474-1A3956D46DE8}") = "tests", "tests", "{4555E5F2-6DE3-4047-A385-9670BC949E8C}"
EndProject
Project("{FAE04EC0-301F-11D3-BF4B-00C04F79EFBC}") = "ChromaFx.IO", "src\ChromaFx.IO\ChromaFx.IO.csproj", "{FEDEE35A-4778-4C70-A2AC-AEE3695C078C}"
EndProject
Project("{FAE04EC0-301F-11D3-BF4B-00C04F79EFBC}") = "ChromaFx.Processing", "src\ChromaFx.Processing\ChromaFx.Processing.csproj", "{4D869841-3F53-4ADD-8199-C409D1599C68}"
EndProject
Project("{FAE04EC0-301F-11D3-BF4B-00C04F79EFBC}") = "ChromaFx.Core", "src\ChromaFx.Core\ChromaFx.Core.csproj", "{85E31FEC-58FC-476A-F664-DB397606B93A}"
EndProject
Project("{FAE04EC0-301F-11D3-BF4B-00C04F79EFBC}") = "ChromaFx", "src\ChromaFx\ChromaFx.csproj", "{F6286AA0-088E-4049-AC44-72C2F61D1510}"
EndProject
Global
	GlobalSection(SolutionConfigurationPlatforms) = preSolution
		Debug|Any CPU = Debug|Any CPU
		Release|Any CPU = Release|Any CPU
	EndGlobalSection
	GlobalSection(ProjectConfigurationPlatforms) = postSolution
		{B0879E92-1BA2-F553-556D-869E31ED4053}.Debug|Any CPU.ActiveCfg = Debug|Any CPU
		{B0879E92-1BA2-F553-556D-869E31ED4053}.Debug|Any CPU.Build.0 = Debug|Any CPU
		{B0879E92-1BA2-F553-556D-869E31ED4053}.Release|Any CPU.ActiveCfg = Release|Any CPU
		{B0879E92-1BA2-F553-556D-869E31ED4053}.Release|Any CPU.Build.0 = Release|Any CPU
		{845E96E9-5DA0-350E-2E27-B82EE08B7591}.Debug|Any CPU.ActiveCfg = Debug|Any CPU
		{845E96E9-5DA0-350E-2E27-B82EE08B7591}.Debug|Any CPU.Build.0 = Debug|Any CPU
		{845E96E9-5DA0-350E-2E27-B82EE08B7591}.Release|Any CPU.ActiveCfg = Release|Any CPU
		{845E96E9-5DA0-350E-2E27-B82EE08B7591}.Release|Any CPU.Build.0 = Release|Any CPU
		{FEDEE35A-4778-4C70-A2AC-AEE3695C078C}.Debug|Any CPU.ActiveCfg = Debug|Any CPU
		{FEDEE35A-4778-4C70-A2AC-AEE3695C078C}.Debug|Any CPU.Build.0 = Debug|Any CPU
		{FEDEE35A-4778-4C70-A2AC-AEE3695C078C}.Release|Any CPU.ActiveCfg = Release|Any CPU
		{FEDEE35A-4778-4C70-A2AC-AEE3695C078C}.Release|Any CPU.Build.0 = Release|Any CPU
		{4D869841-3F53-4ADD-8199-C409D1599C68}.Debug|Any CPU.ActiveCfg = Debug|Any CPU
		{4D869841-3F53-4ADD-8199-C409D1599C68}.Debug|Any CPU.Build.0 = Debug|Any CPU
		{4D869841-3F53-4ADD-8199-C409D1599C68}.Release|Any CPU.ActiveCfg = Release|Any CPU
		{4D869841-3F53-4ADD-8199-C409D1599C68}.Release|Any CPU.Build.0 = Release|Any CPU
		{85E31FEC-58FC-476A-F664-DB397606B93A}.Debug|Any CPU.ActiveCfg = Debug|Any CPU
		{85E31FEC-58FC-476A-F664-DB397606B93A}.Debug|Any CPU.Build.0 = Debug|Any CPU
		{85E31FEC-58FC-476A-F664-DB397606B93A}.Release|Any CPU.ActiveCfg = Release|Any CPU
		{85E31FEC-58FC-476A-F664-DB397606B93A}.Release|Any CPU.Build.0 = Release|Any CPU
		{F6286AA0-088E-4049-AC44-72C2F61D1510}.Debug|Any CPU.ActiveCfg = Debug|Any CPU
		{F6286AA0-088E-4049-AC44-72C2F61D1510}.Debug|Any CPU.Build.0 = Debug|Any CPU
		{F6286AA0-088E-4049-AC44-72C2F61D1510}.Release|Any CPU.ActiveCfg = Release|Any CPU
		{F6286AA0-088E-4049-AC44-72C2F61D1510}.Release|Any CPU.Build.0 = Release|Any CPU
	EndGlobalSection
	GlobalSection(SolutionProperties) = preSolution
		HideSolutionNode = FALSE
	EndGlobalSection
	GlobalSection(NestedProjects) = preSolution
		{B0879E92-1BA2-F553-556D-869E31ED4053} = {4555E5F2-6DE3-4047-A385-9670BC949E8C}
		{845E96E9-5DA0-350E-2E27-B82EE08B7591} = {4555E5F2-6DE3-4047-A385-9670BC949E8C}
	EndGlobalSection
	GlobalSection(ExtensibilityGlobals) = postSolution
		SolutionGuid = {F9342380-6063-4736-ABD5-FD066870517F}
	EndGlobalSection
EndGlobal
